
Microsoft Visual Studio Solution File, Format Version 12.00
# Visual Studio Version 17
VisualStudioVersion = 17.11.35327.3
MinimumVisualStudioVersion = 10.0.40219.1
Project("{9A19103F-16F7-4668-BE54-9A1E7A4F7556}") = "API", "API\API.csproj", "{3C4355E5-790E-4F3E-8388-441742D3060D}"
EndProject
Project("{FAE04EC0-301F-11D3-BF4B-00C04F79EFBC}") = "WebForms", "WebForms\WebForms.csproj", "{D3BBB112-198D-4E2D-A6B0-B8E0F49DB4FC}"
EndProject
Project("{FAE04EC0-301F-11D3-BF4B-00C04F79EFBC}") = "MVC", "MVC\MVC.csproj", "{9944917B-B6B3-4C9C-937C-6F7626CF2A89}"
EndProject
Global
	GlobalSection(SolutionConfigurationPlatforms) = preSolution
		Debug|Any CPU = Debug|Any CPU
		Release|Any CPU = Release|Any CPU
	EndGlobalSection
	GlobalSection(ProjectConfigurationPlatforms) = postSolution
		{3C4355E5-790E-4F3E-8388-441742D3060D}.Debug|Any CPU.ActiveCfg = Debug|Any CPU
		{3C4355E5-790E-4F3E-8388-441742D3060D}.Debug|Any CPU.Build.0 = Debug|Any CPU
		{3C4355E5-790E-4F3E-8388-441742D3060D}.Release|Any CPU.ActiveCfg = Release|Any CPU
		{3C4355E5-790E-4F3E-8388-441742D3060D}.Release|Any CPU.Build.0 = Release|Any CPU
		{D3BBB112-198D-4E2D-A6B0-B8E0F49DB4FC}.Debug|Any CPU.ActiveCfg = Debug|Any CPU
		{D3BBB112-198D-4E2D-A6B0-B8E0F49DB4FC}.Debug|Any CPU.Build.0 = Debug|Any CPU
		{D3BBB112-198D-4E2D-A6B0-B8E0F49DB4FC}.Release|Any CPU.ActiveCfg = Release|Any CPU
		{D3BBB112-198D-4E2D-A6B0-B8E0F49DB4FC}.Release|Any CPU.Build.0 = Release|Any CPU
		{9944917B-B6B3-4C9C-937C-6F7626CF2A89}.Debug|Any CPU.ActiveCfg = Debug|Any CPU
		{9944917B-B6B3-4C9C-937C-6F7626CF2A89}.Debug|Any CPU.Build.0 = Debug|Any CPU
		{9944917B-B6B3-4C9C-937C-6F7626CF2A89}.Release|Any CPU.ActiveCfg = Release|Any CPU
		{9944917B-B6B3-4C9C-937C-6F7626CF2A89}.Release|Any CPU.Build.0 = Release|Any CPU
	EndGlobalSection
	GlobalSection(SolutionProperties) = preSolution
		HideSolutionNode = FALSE
	EndGlobalSection
	GlobalSection(ExtensibilityGlobals) = postSolution
		SolutionGuid = {A81BB814-1C3C-41CC-8396-595E819674D0}
	EndGlobalSection
EndGlobal
